
Microsoft Visual Studio Solution File, Format Version 12.00
# Visual Studio Version 17
VisualStudioVersion = 17.13.35818.85 d17.13
MinimumVisualStudioVersion = 10.0.40219.1
Project("{FAE04EC0-301F-11D3-BF4B-00C04F79EFBC}") = "WinForms-RoundedFlatControls", "WinForms-RoundedFlatControls\WinForms-RoundedFlatControls.csproj", "{0AD2008F-DBA9-4927-A0E3-753F01827393}"
EndProject
Global
	GlobalSection(SolutionConfigurationPlatforms) = preSolution
		Debug|Any CPU = Debug|Any CPU
		Release|Any CPU = Release|Any CPU
	EndGlobalSection
	GlobalSection(ProjectConfigurationPlatforms) = postSolution
		{0AD2008F-DBA9-4927-A0E3-753F01827393}.Debug|Any CPU.ActiveCfg = Debug|Any CPU
		{0AD2008F-DBA9-4927-A0E3-753F01827393}.Debug|Any CPU.Build.0 = Debug|Any CPU
		{0AD2008F-DBA9-4927-A0E3-753F01827393}.Release|Any CPU.ActiveCfg = Release|Any CPU
		{0AD2008F-DBA9-4927-A0E3-753F01827393}.Release|Any CPU.Build.0 = Release|Any CPU
	EndGlobalSection
	GlobalSection(SolutionProperties) = preSolution
		HideSolutionNode = FALSE
	EndGlobalSection
	GlobalSection(ExtensibilityGlobals) = postSolution
		SolutionGuid = {8E9F0457-F797-41AE-B0C2-8C6745EE6AEE}
	EndGlobalSection
EndGlobal
